
Microsoft Visual Studio Solution File, Format Version 12.00
# Visual Studio Version 17
VisualStudioVersion = 17.5.33627.172
MinimumVisualStudioVersion = 10.0.40219.1
Project("{FAE04EC0-301F-11D3-BF4B-00C04F79EFBC}") = "Resolução_Desafio", "Resolução_Desafio\Resolução_Desafio.csproj", "{39A34B77-19A7-4986-B509-48B6E587BB0D}"
EndProject
Global
	GlobalSection(SolutionConfigurationPlatforms) = preSolution
		Debug|Any CPU = Debug|Any CPU
		Release|Any CPU = Release|Any CPU
	EndGlobalSection
	GlobalSection(ProjectConfigurationPlatforms) = postSolution
		{39A34B77-19A7-4986-B509-48B6E587BB0D}.Debug|Any CPU.ActiveCfg = Debug|Any CPU
		{39A34B77-19A7-4986-B509-48B6E587BB0D}.Debug|Any CPU.Build.0 = Debug|Any CPU
		{39A34B77-19A7-4986-B509-48B6E587BB0D}.Release|Any CPU.ActiveCfg = Release|Any CPU
		{39A34B77-19A7-4986-B509-48B6E587BB0D}.Release|Any CPU.Build.0 = Release|Any CPU
	EndGlobalSection
	GlobalSection(SolutionProperties) = preSolution
		HideSolutionNode = FALSE
	EndGlobalSection
	GlobalSection(ExtensibilityGlobals) = postSolution
		SolutionGuid = {FBA0818F-7C7A-4BC3-8844-06613FF96108}
	EndGlobalSection
EndGlobal
